
Microsoft Visual Studio Solution File, Format Version 12.00
# Visual Studio Version 17
VisualStudioVersion = 17.5.33516.290
MinimumVisualStudioVersion = 10.0.40219.1
Project("{9A19103F-16F7-4668-BE54-9A1E7A4F7556}") = "WebApplication2", "WebApplication2\WebApplication2.csproj", "{DFDF0CC1-D611-4239-9F84-5F110AE03619}"
EndProject
Project("{9A19103F-16F7-4668-BE54-9A1E7A4F7556}") = "Model", "Model\Model.csproj", "{0861E49B-4C48-4245-AC0C-0E75723919DB}"
EndProject
Project("{9A19103F-16F7-4668-BE54-9A1E7A4F7556}") = "Persistence", "Persistence\Persistence.csproj", "{4FB128AB-3103-44A6-8A9C-397EA9FC1CC7}"
EndProject
Project("{9A19103F-16F7-4668-BE54-9A1E7A4F7556}") = "Service", "Service\Service.csproj", "{A0811268-1C17-4491-984A-A25398956D9E}"
EndProject
Project("{FAE04EC0-301F-11D3-BF4B-00C04F79EFBC}") = "Test", "Test\Test.csproj", "{AD4C8A15-CC52-451D-92CD-CB353FCA771C}"
EndProject
Global
	GlobalSection(SolutionConfigurationPlatforms) = preSolution
		Debug|Any CPU = Debug|Any CPU
		Release|Any CPU = Release|Any CPU
	EndGlobalSection
	GlobalSection(ProjectConfigurationPlatforms) = postSolution
		{DFDF0CC1-D611-4239-9F84-5F110AE03619}.Debug|Any CPU.ActiveCfg = Debug|Any CPU
		{DFDF0CC1-D611-4239-9F84-5F110AE03619}.Debug|Any CPU.Build.0 = Debug|Any CPU
		{DFDF0CC1-D611-4239-9F84-5F110AE03619}.Release|Any CPU.ActiveCfg = Release|Any CPU
		{DFDF0CC1-D611-4239-9F84-5F110AE03619}.Release|Any CPU.Build.0 = Release|Any CPU
		{0861E49B-4C48-4245-AC0C-0E75723919DB}.Debug|Any CPU.ActiveCfg = Debug|Any CPU
		{0861E49B-4C48-4245-AC0C-0E75723919DB}.Debug|Any CPU.Build.0 = Debug|Any CPU
		{0861E49B-4C48-4245-AC0C-0E75723919DB}.Release|Any CPU.ActiveCfg = Release|Any CPU
		{0861E49B-4C48-4245-AC0C-0E75723919DB}.Release|Any CPU.Build.0 = Release|Any CPU
		{4FB128AB-3103-44A6-8A9C-397EA9FC1CC7}.Debug|Any CPU.ActiveCfg = Debug|Any CPU
		{4FB128AB-3103-44A6-8A9C-397EA9FC1CC7}.Debug|Any CPU.Build.0 = Debug|Any CPU
		{4FB128AB-3103-44A6-8A9C-397EA9FC1CC7}.Release|Any CPU.ActiveCfg = Release|Any CPU
		{4FB128AB-3103-44A6-8A9C-397EA9FC1CC7}.Release|Any CPU.Build.0 = Release|Any CPU
		{A0811268-1C17-4491-984A-A25398956D9E}.Debug|Any CPU.ActiveCfg = Debug|Any CPU
		{A0811268-1C17-4491-984A-A25398956D9E}.Debug|Any CPU.Build.0 = Debug|Any CPU
		{A0811268-1C17-4491-984A-A25398956D9E}.Release|Any CPU.ActiveCfg = Release|Any CPU
		{A0811268-1C17-4491-984A-A25398956D9E}.Release|Any CPU.Build.0 = Release|Any CPU
		{AD4C8A15-CC52-451D-92CD-CB353FCA771C}.Debug|Any CPU.ActiveCfg = Debug|Any CPU
		{AD4C8A15-CC52-451D-92CD-CB353FCA771C}.Debug|Any CPU.Build.0 = Debug|Any CPU
		{AD4C8A15-CC52-451D-92CD-CB353FCA771C}.Release|Any CPU.ActiveCfg = Release|Any CPU
		{AD4C8A15-CC52-451D-92CD-CB353FCA771C}.Release|Any CPU.Build.0 = Release|Any CPU
	EndGlobalSection
	GlobalSection(SolutionProperties) = preSolution
		HideSolutionNode = FALSE
	EndGlobalSection
	GlobalSection(ExtensibilityGlobals) = postSolution
		SolutionGuid = {16FC183D-8864-475F-BB50-79FAE33F7B67}
	EndGlobalSection
EndGlobal
